github.com/go-telegram-bot-api/telegram-bot-api/v5 v5.5.1 h1:wG8n/XJQ07TmjbITcGiUaOtXxdrINDz1b0J1w0SzqDc=
github.com/go-telegram-bot-api/telegram-bot-api/v5 v5.5.1/go.mod h1:A2S0CWkNylc2phvKXWBBdD3K0iGnDBGbzRpISP2zBl8=
github.com/rainycape/unidecode v0.0.0-20150907023854-cb7f23ec59be h1:ta7tUOvsPHVHGom5hKW5VXNc2xZIkfCKP8iaqOyYtUQ=
github.com/rainycape/unidecode v0.0.0-20150907023854-cb7f23ec59be/go.mod h1:MIDFMn7db1kT65GmV94GzpX9Qdi7N/pQlwb+AN8wh+Q=
